// !$*UTF8*$!
{
	archiveVersion = 1;
	classes = {
	};
	objectVersion = 46;
	objects = {

/* Begin PBXBuildFile section */
		A789642E1DFDD0D300F6C6A9 /* AppDelegate.swift in Sources */ = {isa = PBXBuildFile; fileRef = A789642D1DFDD0D300F6C6A9 /* AppDelegate.swift */; };
		A78964301DFDD0D300F6C6A9 /* ViewController.swift in Sources */ = {isa = PBXBuildFile; fileRef = A789642F1DFDD0D300F6C6A9 /* ViewController.swift */; };
		A78964331DFDD0D300F6C6A9 /* Main.storyboard in Resources */ = {isa = PBXBuildFile; fileRef = A78964311DFDD0D300F6C6A9 /* Main.storyboard */; };
		A78964351DFDD0D300F6C6A9 /* Assets.xcassets in Resources */ = {isa = PBXBuildFile; fileRef = A78964341DFDD0D300F6C6A9 /* Assets.xcassets */; };
		A78964381DFDD0D300F6C6A9 /* LaunchScreen.storyboard in Resources */ = {isa = PBXBuildFile; fileRef = A78964361DFDD0D300F6C6A9 /* LaunchScreen.storyboard */; };
		A78964431DFDD0D300F6C6A9 /* RetroCalculatorTests.swift in Sources */ = {isa = PBXBuildFile; fileRef = A78964421DFDD0D300F6C6A9 /* RetroCalculatorTests.swift */; };
		A789644E1DFDE35200F6C6A9 /* Minecraft.ttf in Resources */ = {isa = PBXBuildFile; fileRef = A789644D1DFDE35200F6C6A9 /* Minecraft.ttf */; };
		A78964501DFE006400F6C6A9 /* btn.wav in Resources */ = {isa = PBXBuildFile; fileRef = A789644F1DFE006400F6C6A9 /* btn.wav */; };
/* End PBXBuildFile section */

/* Begin PBXContainerItemProxy section */
		A789643F1DFDD0D300F6C6A9 /* PBXContainerItemProxy */ = {
			isa = PBXContainerItemProxy;
			containerPortal = A78964221DFDD0D300F6C6A9 /* Project object */;
			proxyType = 1;
			remoteGlobalIDString = A78964291DFDD0D300F6C6A9;
			remoteInfo = RetroCalculator;
		};
/* End PBXContainerItemProxy section */

/* Begin PBXFileReference section */
		A789642A1DFDD0D300F6C6A9 /* RetroCalculator.app */ = {isa = PBXFileReference; explicitFileType = wrapper.application; includeInIndex = 0; path = RetroCalculator.app; sourceTree = BUILT_PRODUCTS_DIR; };
		A789642D1DFDD0D300F6C6A9 /* AppDelegate.swift */ = {isa = PBXFileReference; lastKnownFileType = sourcecode.swift; path = AppDelegate.swift; sourceTree = "<group>"; };
		A789642F1DFDD0D300F6C6A9 /* ViewController.swift */ = {isa = PBXFileReference; lastKnownFileType = sourcecode.swift; path = ViewController.swift; sourceTree = "<group>"; };
		A78964321DFDD0D300F6C6A9 /* Base */ = {isa = PBXFileReference; lastKnownFileType = file.storyboard; name = Base; path = Base.lproj/Main.storyboard; sourceTree = "<group>"; };
		A78964341DFDD0D300F6C6A9 /* Assets.xcassets */ = {isa = PBXFileReference; lastKnownFileType = folder.assetcatalog; path = Assets.xcassets; sourceTree = "<group>"; };
		A78964371DFDD0D300F6C6A9 /* Base */ = {isa = PBXFileReference; lastKnownFileType = file.storyboard; name = Base; path = Base.lproj/LaunchScreen.storyboard; sourceTree = "<group>"; };
		A78964391DFDD0D300F6C6A9 /* Info.plist */ = {isa = PBXFileReference; lastKnownFileType = text.plist.xml; path = Info.plist; sourceTree = "<group>"; };
		A789643E1DFDD0D300F6C6A9 /* RetroCalculatorTests.xctest */ = {isa = PBXFileReference; explicitFileType = wrapper.cfbundle; includeInIndex = 0; path = RetroCalculatorTests.xctest; sourceTree = BUILT_PRODUCTS_DIR; };
		A78964421DFDD0D300F6C6A9 /* RetroCalculatorTests.swift */ = {isa = PBXFileReference; lastKnownFileType = sourcecode.swift; path = RetroCalculatorTests.swift; sourceTree = "<group>"; };
		A78964441DFDD0D300F6C6A9 /* Info.plist */ = {isa = PBXFileReference; lastKnownFileType = text.plist.xml; path = Info.plist; sourceTree = "<group>"; };
		A789644D1DFDE35200F6C6A9 /* Minecraft.ttf */ = {isa = PBXFileReference; lastKnownFileType = file; path = Minecraft.ttf; sourceTree = "<group>"; };
		A789644F1DFE006400F6C6A9 /* btn.wav */ = {isa = PBXFileReference; lastKnownFileType = audio.wav; path = btn.wav; sourceTree = "<group>"; };
/* End PBXFileReference section */

/* Begin PBXFrameworksBuildPhase section */
		A78964271DFDD0D300F6C6A9 /* Frameworks */ = {
			isa = PBXFrameworksBuildPhase;
			buildActionMask = 2147483647;
			files = (
			);
			runOnlyForDeploymentPostprocessing = 0;
		};
		A789643B1DFDD0D300F6C6A9 /* Frameworks */ = {
			isa = PBXFrameworksBuildPhase;
			buildActionMask = 2147483647;
			files = (
			);
			runOnlyForDeploymentPostprocessing = 0;
		};
/* End PBXFrameworksBuildPhase section */

/* Begin PBXGroup section */
		A78964211DFDD0D300F6C6A9 = {
			isa = PBXGroup;
			children = (
				A789642C1DFDD0D300F6C6A9 /* RetroCalculator */,
				A78964411DFDD0D300F6C6A9 /* RetroCalculatorTests */,
				A789642B1DFDD0D300F6C6A9 /* Products */,
			);
			sourceTree = "<group>";
		};
		A789642B1DFDD0D300F6C6A9 /* Products */ = {
			isa = PBXGroup;
			children = (
				A789642A1DFDD0D300F6C6A9 /* RetroCalculator.app */,
				A789643E1DFDD0D300F6C6A9 /* RetroCalculatorTests.xctest */,
			);
			name = Products;
			sourceTree = "<group>";
		};
		A789642C1DFDD0D300F6C6A9 /* RetroCalculator */ = {
			isa = PBXGroup;
			children = (
				A789644F1DFE006400F6C6A9 /* btn.wav */,
				A789644D1DFDE35200F6C6A9 /* Minecraft.ttf */,
				A789642D1DFDD0D300F6C6A9 /* AppDelegate.swift */,
				A789642F1DFDD0D300F6C6A9 /* ViewController.swift */,
				A78964311DFDD0D300F6C6A9 /* Main.storyboard */,
				A78964341DFDD0D300F6C6A9 /* Assets.xcassets */,
				A78964361DFDD0D300F6C6A9 /* LaunchScreen.storyboard */,
				A78964391DFDD0D300F6C6A9 /* Info.plist */,
			);
			path = RetroCalculator;
			sourceTree = "<group>";
		};
		A78964411DFDD0D300F6C6A9 /* RetroCalculatorTests */ = {
			isa = PBXGroup;
			children = (
				A78964421DFDD0D300F6C6A9 /* RetroCalculatorTests.swift */,
				A78964441DFDD0D300F6C6A9 /* Info.plist */,
			);
			path = RetroCalculatorTests;
			sourceTree = "<group>";
		};
/* End PBXGroup section */

/* Begin PBXNativeTarget section */
		A78964291DFDD0D300F6C6A9 /* RetroCalculator */ = {
			isa = PBXNativeTarget;
			buildConfigurationList = A78964471DFDD0D300F6C6A9 /* Build configuration list for PBXNativeTarget "RetroCalculator" */;
			buildPhases = (
				A78964261DFDD0D300F6C6A9 /* Sources */,
				A78964271DFDD0D300F6C6A9 /* Frameworks */,
				A78964281DFDD0D300F6C6A9 /* Resources */,
			);
			buildRules = (
			);
			dependencies = (
			);
			name = RetroCalculator;
			productName = RetroCalculator;
			productReference = A789642A1DFDD0D300F6C6A9 /* RetroCalculator.app */;
			productType = "com.apple.product-type.application";
		};
		A789643D1DFDD0D300F6C6A9 /* RetroCalculatorTests */ = {
			isa = PBXNativeTarget;
			buildConfigurationList = A789644A1DFDD0D300F6C6A9 /* Build configuration list for PBXNativeTarget "RetroCalculatorTests" */;
			buildPhases = (
				A789643A1DFDD0D300F6C6A9 /* Sources */,
				A789643B1DFDD0D300F6C6A9 /* Frameworks */,
				A789643C1DFDD0D300F6C6A9 /* Resources */,
			);
			buildRules = (
			);
			dependencies = (
				A78964401DFDD0D300F6C6A9 /* PBXTargetDependency */,
			);
			name = RetroCalculatorTests;
			productName = RetroCalculatorTests;
			productReference = A789643E1DFDD0D300F6C6A9 /* RetroCalculatorTests.xctest */;
			productType = "com.apple.product-type.bundle.unit-test";
		};
/* End PBXNativeTarget section */

/* Begin PBXProject section */
		A78964221DFDD0D300F6C6A9 /* Project object */ = {
			isa = PBXProject;
			attributes = {
				LastSwiftUpdateCheck = 0810;
				LastUpgradeCheck = 0810;
				ORGANIZATIONNAME = "Grant Rosario";
				TargetAttributes = {
					A78964291DFDD0D300F6C6A9 = {
						CreatedOnToolsVersion = 8.1;
						DevelopmentTeam = BEFKP7RQEK;
						ProvisioningStyle = Automatic;
					};
					A789643D1DFDD0D300F6C6A9 = {
						CreatedOnToolsVersion = 8.1;
						DevelopmentTeam = BEFKP7RQEK;
						ProvisioningStyle = Automatic;
						TestTargetID = A78964291DFDD0D300F6C6A9;
					};
				};
			};
			buildConfigurationList = A78964251DFDD0D300F6C6A9 /* Build configuration list for PBXProject "RetroCalculator" */;
			compatibilityVersion = "Xcode 3.2";
			developmentRegion = English;
			hasScannedForEncodings = 0;
			knownRegions = (
				en,
				Base,
			);
			mainGroup = A78964211DFDD0D300F6C6A9;
			productRefGroup = A789642B1DFDD0D300F6C6A9 /* Products */;
			projectDirPath = "";
			projectRoot = "";
			targets = (
				A78964291DFDD0D300F6C6A9 /* RetroCalculator */,
				A789643D1DFDD0D300F6C6A9 /* RetroCalculatorTests */,
			);
		};
/* End PBXProject section */

/* Begin PBXResourcesBuildPhase section */
		A78964281DFDD0D300F6C6A9 /* Resources */ = {
			isa = PBXResourcesBuildPhase;
			buildActionMask = 2147483647;
			files = (
				A78964501DFE006400F6C6A9 /* btn.wav in Resources */,
				A78964381DFDD0D300F6C6A9 /* LaunchScreen.storyboard in Resources */,
				A78964351DFDD0D300F6C6A9 /* Assets.xcassets in Resources */,
				A789644E1DFDE35200F6C6A9 /* Minecraft.ttf in Resources */,
				A78964331DFDD0D300F6C6A9 /* Main.storyboard in Resources */,
			);
			runOnlyForDeploymentPostprocessing = 0;
		};
		A789643C1DFDD0D300F6C6A9 /* Resources */ = {
			isa = PBXResourcesBuildPhase;
			buildActionMask = 2147483647;
			files = (
			);
			runOnlyForDeploymentPostprocessing = 0;
		};
/* End PBXResourcesBuildPhase section */

/* Begin PBXSourcesBuildPhase section */
		A78964261DFDD0D300F6C6A9 /* Sources */ = {
			isa = PBXSourcesBuildPhase;
			buildActionMask = 2147483647;
			files = (
				A78964301DFDD0D300F6C6A9 /* ViewController.swift in Sources */,
				A789642E1DFDD0D300F6C6A9 /* AppDelegate.swift in Sources */,
			);
			runOnlyForDeploymentPostprocessing = 0;
		};
		A789643A1DFDD0D300F6C6A9 /* Sources */ = {
			isa = PBXSourcesBuildPhase;
			buildActionMask = 2147483647;
			files = (
				A78964431DFDD0D300F6C6A9 /* RetroCalculatorTests.swift in Sources */,
			);
			runOnlyForDeploymentPostprocessing = 0;
		};
/* End PBXSourcesBuildPhase section */

/* Begin PBXTargetDependency section */
		A78964401DFDD0D300F6C6A9 /* PBXTargetDependency */ = {
			isa = PBXTargetDependency;
			target = A78964291DFDD0D300F6C6A9 /* RetroCalculator */;
			targetProxy = A789643F1DFDD0D300F6C6A9 /* PBXContainerItemProxy */;
		};
/* End PBXTargetDependency section */

/* Begin PBXVariantGroup section */
		A78964311DFDD0D300F6C6A9 /* Main.storyboard */ = {
			isa = PBXVariantGroup;
			children = (
				A78964321DFDD0D300F6C6A9 /* Base */,
			);
			name = Main.storyboard;
			sourceTree = "<group>";
		};
		A78964361DFDD0D300F6C6A9 /* LaunchScreen.storyboard */ = {
			isa = PBXVariantGroup;
			children = (
				A78964371DFDD0D300F6C6A9 /* Base */,
			);
			name = LaunchScreen.storyboard;
			sourceTree = "<group>";
		};
/* End PBXVariantGroup section */

/* Begin XCBuildConfiguration section */
		A78964451DFDD0D300F6C6A9 /* Debug */ = {
			isa = XCBuildConfiguration;
			buildSettings = {
				ALWAYS_SEARCH_USER_PATHS = NO;
				CLANG_ANALYZER_NONNULL = YES;
				CLANG_CXX_LANGUAGE_STANDARD = "gnu++0x";
				CLANG_CXX_LIBRARY = "libc++";
				CLANG_ENABLE_MODULES = YES;
				CLANG_ENABLE_OBJC_ARC = YES;
				CLANG_WARN_BOOL_CONVERSION = YES;
				CLANG_WARN_CONSTANT_CONVERSION = YES;
				CLANG_WARN_DIRECT_OBJC_ISA_USAGE = YES_ERROR;
				CLANG_WARN_DOCUMENTATION_COMMENTS = YES;
				CLANG_WARN_EMPTY_BODY = YES;
				CLANG_WARN_ENUM_CONVERSION = YES;
				CLANG_WARN_INFINITE_RECURSION = YES;
				CLANG_WARN_INT_CONVERSION = YES;
				CLANG_WARN_OBJC_ROOT_CLASS = YES_ERROR;
				CLANG_WARN_SUSPICIOUS_MOVES = YES;
				CLANG_WARN_UNREACHABLE_CODE = YES;
				CLANG_WARN__DUPLICATE_METHOD_MATCH = YES;
				"CODE_SIGN_IDENTITY[sdk=iphoneos*]" = "iPhone Developer";
				COPY_PHASE_STRIP = NO;
				DEBUG_INFORMATION_FORMAT = dwarf;
				ENABLE_STRICT_OBJC_MSGSEND = YES;
				ENABLE_TESTABILITY = YES;
				GCC_C_LANGUAGE_STANDARD = gnu99;
				GCC_DYNAMIC_NO_PIC = NO;
				GCC_NO_COMMON_BLOCKS = YES;
				GCC_OPTIMIZATION_LEVEL = 0;
				GCC_PREPROCESSOR_DEFINITIONS = (
					"DEBUG=1",
					"$(inherited)",
				);
				GCC_WARN_64_TO_32_BIT_CONVERSION = YES;
				GCC_WARN_ABOUT_RETURN_TYPE = YES_ERROR;
				GCC_WARN_UNDECLARED_SELECTOR = YES;
				GCC_WARN_UNINITIALIZED_AUTOS = YES_AGGRESSIVE;
				GCC_WARN_UNUSED_FUNCTION = YES;
				GCC_WARN_UNUSED_VARIABLE = YES;
				IPHONEOS_DEPLOYMENT_TARGET = 10.1;
				MTL_ENABLE_DEBUG_INFO = YES;
				ONLY_ACTIVE_ARCH = YES;
				SDKROOT = iphoneos;
				SWIFT_ACTIVE_COMPILATION_CONDITIONS = DEBUG;
				SWIFT_OPTIMIZATION_LEVEL = "-Onone";
				TARGETED_DEVICE_FAMILY = "1,2";
			};
			name = Debug;
		};
		A78964461DFDD0D300F6C6A9 /* Release */ = {
			isa = XCBuildConfiguration;
			buildSettings = {
				ALWAYS_SEARCH_USER_PATHS = NO;
				CLANG_ANALYZER_NONNULL = YES;
				CLANG_CXX_LANGUAGE_STANDARD = "gnu++0x";
				CLANG_CXX_LIBRARY = "libc++";
				CLANG_ENABLE_MODULES = YES;
				CLANG_ENABLE_OBJC_ARC = YES;
				CLANG_WARN_BOOL_CONVERSION = YES;
				CLANG_WARN_CONSTANT_CONVERSION = YES;
				CLANG_WARN_DIRECT_OBJC_ISA_USAGE = YES_ERROR;
				CLANG_WARN_DOCUMENTATION_COMMENTS = YES;
				CLANG_WARN_EMPTY_BODY = YES;
				CLANG_WARN_ENUM_CONVERSION = YES;
				CLANG_WARN_INFINITE_RECURSION = YES;
				CLANG_WARN_INT_CONVERSION = YES;
				CLANG_WARN_OBJC_ROOT_CLASS = YES_ERROR;
				CLANG_WARN_SUSPICIOUS_MOVES = YES;
				CLANG_WARN_UNREACHABLE_CODE = YES;
				CLANG_WARN__DUPLICATE_METHOD_MATCH = YES;
				"CODE_SIGN_IDENTITY[sdk=iphoneos*]" = "iPhone Developer";
				COPY_PHASE_STRIP = NO;
				DEBUG_INFORMATION_FORMAT = "dwarf-with-dsym";
				ENABLE_NS_ASSERTIONS = NO;
				ENABLE_STRICT_OBJC_MSGSEND = YES;
				GCC_C_LANGUAGE_STANDARD = gnu99;
				GCC_NO_COMMON_BLOCKS = YES;
				GCC_WARN_64_TO_32_BIT_CONVERSION = YES;
				GCC_WARN_ABOUT_RETURN_TYPE = YES_ERROR;
				GCC_WARN_UNDECLARED_SELECTOR = YES;
				GCC_WARN_UNINITIALIZED_AUTOS = YES_AGGRESSIVE;
				GCC_WARN_UNUSED_FUNCTION = YES;
				GCC_WARN_UNUSED_VARIABLE = YES;
				IPHONEOS_DEPLOYMENT_TARGET = 10.1;
				MTL_ENABLE_DEBUG_INFO = NO;
				SDKROOT = iphoneos;
				SWIFT_OPTIMIZATION_LEVEL = "-Owholemodule";
				TARGETED_DEVICE_FAMILY = "1,2";
				VALIDATE_PRODUCT = YES;
			};
			name = Release;
		};
		A78964481DFDD0D300F6C6A9 /* Debug */ = {
			isa = XCBuildConfiguration;
			buildSettings = {
				ASSETCATALOG_COMPILER_APPICON_NAME = AppIcon;
				DEVELOPMENT_TEAM = BEFKP7RQEK;
				INFOPLIST_FILE = RetroCalculator/Info.plist;
				LD_RUNPATH_SEARCH_PATHS = "$(inherited) @executable_path/Frameworks";
				PRODUCT_BUNDLE_IDENTIFIER = com.example.RetroCalculator;
				PRODUCT_NAME = "$(TARGET_NAME)";
				SWIFT_VERSION = 3.0;
			};
			name = Debug;
		};
		A78964491DFDD0D300F6C6A9 /* Release */ = {
			isa = XCBuildConfiguration;
			buildSettings = {
				ASSETCATALOG_COMPILER_APPICON_NAME = AppIcon;
				DEVELOPMENT_TEAM = BEFKP7RQEK;
				INFOPLIST_FILE = RetroCalculator/Info.plist;
				LD_RUNPATH_SEARCH_PATHS = "$(inherited) @executable_path/Frameworks";
				PRODUCT_BUNDLE_IDENTIFIER = com.example.RetroCalculator;
				PRODUCT_NAME = "$(TARGET_NAME)";
				SWIFT_VERSION = 3.0;
			};
			name = Release;
		};
		A789644B1DFDD0D300F6C6A9 /* Debug */ = {
			isa = XCBuildConfiguration;
			buildSettings = {
				ALWAYS_EMBED_SWIFT_STANDARD_LIBRARIES = YES;
				BUNDLE_LOADER = "$(TEST_HOST)";
				DEVELOPMENT_TEAM = BEFKP7RQEK;
				INFOPLIST_FILE = RetroCalculatorTests/Info.plist;
				LD_RUNPATH_SEARCH_PATHS = "$(inherited) @executable_path/Frameworks @loader_path/Frameworks";
				PRODUCT_BUNDLE_IDENTIFIER = com.example.RetroCalculatorTests;
				PRODUCT_NAME = "$(TARGET_NAME)";
				SWIFT_VERSION = 3.0;
				TEST_HOST = "$(BUILT_PRODUCTS_DIR)/RetroCalculator.app/RetroCalculator";
			};
			name = Debug;
		};
		A789644C1DFDD0D300F6C6A9 /* Release */ = {
			isa = XCBuildConfiguration;
			buildSettings = {
				ALWAYS_EMBED_SWIFT_STANDARD_LIBRARIES = YES;
				BUNDLE_LOADER = "$(TEST_HOST)";
				DEVELOPMENT_TEAM = BEFKP7RQEK;
				INFOPLIST_FILE = RetroCalculatorTests/Info.plist;
				LD_RUNPATH_SEARCH_PATHS = "$(inherited) @executable_path/Frameworks @loader_path/Frameworks";
				PRODUCT_BUNDLE_IDENTIFIER = com.example.RetroCalculatorTests;
				PRODUCT_NAME = "$(TARGET_NAME)";
				SWIFT_VERSION = 3.0;
				TEST_HOST = "$(BUILT_PRODUCTS_DIR)/RetroCalculator.app/RetroCalculator";
			};
			name = Release;
		};
/* End XCBuildConfiguration section */

/* Begin XCConfigurationList section */
		A78964251DFDD0D300F6C6A9 /* Build configuration list for PBXProject "RetroCalculator" */ = {
			isa = XCConfigurationList;
			buildConfigurations = (
				A78964451DFDD0D300F6C6A9 /* Debug */,
				A78964461DFDD0D300F6C6A9 /* Release */,
			);
			defaultConfigurationIsVisible = 0;
			defaultConfigurationName = Release;
		};
		A78964471DFDD0D300F6C6A9 /* Build configuration list for PBXNativeTarget "RetroCalculator" */ = {
			isa = XCConfigurationList;
			buildConfigurations = (
				A78964481DFDD0D300F6C6A9 /* Debug */,
				A78964491DFDD0D300F6C6A9 /* Release */,
			);
			defaultConfigurationIsVisible = 0;
		};
		A789644A1DFDD0D300F6C6A9 /* Build configuration list for PBXNativeTarget "RetroCalculatorTests" */ = {
			isa = XCConfigurationList;
			buildConfigurations = (
				A789644B1DFDD0D300F6C6A9 /* Debug */,
				A789644C1DFDD0D300F6C6A9 /* Release */,
			);
			defaultConfigurationIsVisible = 0;
		};
/* End XCConfigurationList section */
	};
	rootObject = A78964221DFDD0D300F6C6A9 /* Project object */;
}
